<?xml version="1.0" encoding="utf-8"?>
<Project ToolsVersion="4.0" xmlns="http://schemas.microsoft.com/developer/msbuild/2003">
  <ItemGroup>
    <Filter Include="ソース ファイル">
      <UniqueIdentifier>{4FC737F1-C7A5-4376-A066-2A32D752A2FF}</UniqueIdentifier>
      <Extensions>cpp;c;cc;cxx;def;odl;idl;hpj;bat;asm;asmx</Extensions>
    </Filter>
    <Filter Include="ヘッダー ファイル">
      <UniqueIdentifier>{93995380-89BD-4b04-88EB-625FBE52EBFB}</UniqueIdentifier>
      <Extensions>h;hh;hpp;hxx;hm;inl;inc;ipp;xsd</Extensions>
    </Filter>
    <Filter Include="リソース ファイル">
      <UniqueIdentifier>{67DA6AB6-F800-4c08-8B7A-83BB121AAD01}</UniqueIdentifier>
      <Extensions>rc;ico;cur;bmp;dlg;rc2;rct;bin;rgs;gif;jpg;jpeg;jpe;resx;tiff;tif;png;wav;mfcribbon-ms</Extensions>
    </Filter>
    <Filter Include="ソース ファイル\Actor">
      <UniqueIdentifier>{79036848-2c47-4846-8538-cf3a384a3362}</UniqueIdentifier>
    </Filter>
    <Filter Include="ヘッダー ファイル\Actor">
      <UniqueIdentifier>{5cd6bfb9-3716-4574-9fd7-36f5d26c287d}</UniqueIdentifier>
    </Filter>
    <Filter Include="ソース ファイル\Component">
      <UniqueIdentifier>{4071ef9a-5951-4f97-89f5-176876ff9e4a}</UniqueIdentifier>
    </Filter>
    <Filter Include="ヘッダー ファイル\Component">
      <UniqueIdentifier>{4178c3b0-5af6-4064-a615-94c471ae8378}</UniqueIdentifier>
    </Filter>
    <Filter Include="ヘッダー ファイル\Scene">
      <UniqueIdentifier>{bfd40cae-ac0c-4bad-a5ac-40de0a0b40ec}</UniqueIdentifier>
    </Filter>
    <Filter Include="ソース ファイル\Scene">
      <UniqueIdentifier>{a72f4cf4-97b3-4d8b-83b2-6ab9229fe87b}</UniqueIdentifier>
    </Filter>
    <Filter Include="ソース ファイル\Animation">
      <UniqueIdentifier>{6a103584-d7db-4dc3-9942-e673e3de44ef}</UniqueIdentifier>
    </Filter>
    <Filter Include="ヘッダー ファイル\Animation">
      <UniqueIdentifier>{b01aa5d8-0818-4c4b-8ced-82f9f15cb373}</UniqueIdentifier>
    </Filter>
    <Filter Include="ソース ファイル\Math">
      <UniqueIdentifier>{34d9406e-9d98-4a90-b889-96960cb3a145}</UniqueIdentifier>
    </Filter>
    <Filter Include="ヘッダー ファイル\Math">
      <UniqueIdentifier>{316f1afd-2b22-446a-bdf9-efd2ce31383f}</UniqueIdentifier>
    </Filter>
    <Filter Include="ソース ファイル\Renderer">
      <UniqueIdentifier>{140d6945-74ee-49d9-b949-62e48c88dabb}</UniqueIdentifier>
    </Filter>
    <Filter Include="ヘッダー ファイル\Renderer">
      <UniqueIdentifier>{0563a6f7-2cf0-4751-b6c0-1e28d102ef7f}</UniqueIdentifier>
    </Filter>
    <Filter Include="ソース ファイル\Stage">
      <UniqueIdentifier>{30e39d3c-f318-49f9-9f55-e7e2457ee259}</UniqueIdentifier>
    </Filter>
    <Filter Include="ヘッダー ファイル\Stage">
      <UniqueIdentifier>{494763e2-e553-4d45-87d6-9f3f27ff923e}</UniqueIdentifier>
    </Filter>
    <Filter Include="ソース ファイル\NinjaArts">
      <UniqueIdentifier>{57921482-27ff-49b3-94c9-0fa9ec27175c}</UniqueIdentifier>
    </Filter>
    <Filter Include="ヘッダー ファイル\NinjaArts">
      <UniqueIdentifier>{82c88034-18ec-46be-98dd-2c42e334fbfa}</UniqueIdentifier>
    </Filter>
    <Filter Include="ソース ファイル\Audio">
      <UniqueIdentifier>{aae5dff7-f580-4e4e-aa3c-a2a97a1c95e0}</UniqueIdentifier>
    </Filter>
    <Filter Include="ヘッダー ファイル\Audio">
      <UniqueIdentifier>{438d325f-aed9-4974-afda-dda9ab37c367}</UniqueIdentifier>
    </Filter>
  </ItemGroup>
  <ItemGroup>
    <ClCompile Include="main.cpp">
      <Filter>ソース ファイル</Filter>
    </ClCompile>
    <ClCompile Include="Input.cpp">
      <Filter>ソース ファイル</Filter>
    </ClCompile>
    <ClCompile Include="System.cpp">
      <Filter>ソース ファイル</Filter>
    </ClCompile>
    <ClCompile Include="Actor.cpp">
      <Filter>ソース ファイル\Actor</Filter>
    </ClCompile>
    <ClCompile Include="Player.cpp">
      <Filter>ソース ファイル\Actor</Filter>
    </ClCompile>
    <ClCompile Include="ComponentBase.cpp">
      <Filter>ソース ファイル\Component</Filter>
    </ClCompile>
    <ClCompile Include="SceneBase.cpp">
      <Filter>ソース ファイル\Scene</Filter>
    </ClCompile>
    <ClCompile Include="TestScene.cpp">
      <Filter>ソース ファイル\Scene</Filter>
    </ClCompile>
    <ClCompile Include="InputMoveComponent.cpp">
      <Filter>ソース ファイル\Component</Filter>
    </ClCompile>
    <ClCompile Include="Animation.cpp">
      <Filter>ソース ファイル\Animation</Filter>
    </ClCompile>
    <ClCompile Include="BoneTransform.cpp">
      <Filter>ソース ファイル\Animation</Filter>
    </ClCompile>
    <ClCompile Include="Skeleton.cpp">
      <Filter>ソース ファイル\Animation</Filter>
    </ClCompile>
    <ClCompile Include="Matrix.cpp">
      <Filter>ソース ファイル\Math</Filter>
    </ClCompile>
    <ClCompile Include="Vector.cpp">
      <Filter>ソース ファイル\Math</Filter>
    </ClCompile>
    <ClCompile Include="Mesh.cpp">
      <Filter>ソース ファイル\Renderer</Filter>
    </ClCompile>
    <ClCompile Include="Shader.cpp">
      <Filter>ソース ファイル\Renderer</Filter>
    </ClCompile>
    <ClCompile Include="Texture.cpp">
      <Filter>ソース ファイル\Renderer</Filter>
    </ClCompile>
    <ClCompile Include="VertexArray.cpp">
      <Filter>ソース ファイル\Renderer</Filter>
    </ClCompile>
    <ClCompile Include="Renderer.cpp">
      <Filter>ソース ファイル\Renderer</Filter>
    </ClCompile>
    <ClCompile Include="Quaternion.cpp">
      <Filter>ソース ファイル</Filter>
    </ClCompile>
    <ClCompile Include="MeshComponent.cpp">
      <Filter>ソース ファイル\Component</Filter>
    </ClCompile>
    <ClCompile Include="SkeletalMeshComponent.cpp">
      <Filter>ソース ファイル\Component</Filter>
    </ClCompile>
    <ClCompile Include="Camera.cpp">
      <Filter>ソース ファイル</Filter>
    </ClCompile>
    <ClCompile Include="BoxColliderComponent.cpp">
      <Filter>ソース ファイル\Component</Filter>
    </ClCompile>
    <ClCompile Include="Collision.cpp">
      <Filter>ソース ファイル</Filter>
    </ClCompile>
    <ClCompile Include="PhysicManager.cpp">
      <Filter>ソース ファイル</Filter>
    </ClCompile>
    <ClCompile Include="ColliderComponentBase.cpp">
      <Filter>ソース ファイル\Component</Filter>
    </ClCompile>
    <ClCompile Include="SpriteTest.cpp">
      <Filter>ソース ファイル\Actor</Filter>
    </ClCompile>
    <ClCompile Include="Block.cpp">
      <Filter>ソース ファイル\Actor</Filter>
    </ClCompile>
    <ClCompile Include="AnimationChips.cpp">
      <Filter>ソース ファイル</Filter>
    </ClCompile>
    <ClCompile Include="AnimSpriteTest.cpp">
      <Filter>ソース ファイル\Actor</Filter>
    </ClCompile>
    <ClCompile Include="TestStage.cpp">
      <Filter>ソース ファイル\Stage</Filter>
    </ClCompile>
    <ClCompile Include="StageBase.cpp">
      <Filter>ソース ファイル\Stage</Filter>
    </ClCompile>
    <ClCompile Include="TestScene01.cpp">
      <Filter>ソース ファイル\Scene</Filter>
    </ClCompile>
    <ClCompile Include="JumpComponent.cpp">
      <Filter>ソース ファイル\Component</Filter>
    </ClCompile>
    <ClCompile Include="GamePadAxis.cpp">
      <Filter>ソース ファイル</Filter>
    </ClCompile>
    <ClCompile Include="BGObject.cpp">
      <Filter>ソース ファイル\Actor</Filter>
    </ClCompile>
    <ClCompile Include="Floor.cpp">
      <Filter>ソース ファイル\Actor</Filter>
    </ClCompile>
    <ClCompile Include="CompletionMeshActor.cpp">
      <Filter>ソース ファイル\Actor</Filter>
    </ClCompile>
    <ClCompile Include="ClampSpeedComponent.cpp">
      <Filter>ソース ファイル\Component</Filter>
    </ClCompile>
    <ClCompile Include="EnemyBase.cpp">
      <Filter>ソース ファイル\Actor</Filter>
    </ClCompile>
    <ClCompile Include="EnemyTest.cpp">
      <Filter>ソース ファイル\Actor</Filter>
    </ClCompile>
    <ClCompile Include="TitleScene.cpp">
      <Filter>ソース ファイル\Scene</Filter>
    </ClCompile>
    <ClCompile Include="TitleBoard.cpp">
      <Filter>ソース ファイル\Actor</Filter>
    </ClCompile>
    <ClCompile Include="GameOverScene.cpp">
      <Filter>ソース ファイル\Scene</Filter>
    </ClCompile>
    <ClCompile Include="GameOverBoard.cpp">
      <Filter>ソース ファイル\Actor</Filter>
    </ClCompile>
    <ClCompile Include="GameClearScene.cpp">
      <Filter>ソース ファイル\Scene</Filter>
    </ClCompile>
    <ClCompile Include="GameClearBoard.cpp">
      <Filter>ソース ファイル\Actor</Filter>
    </ClCompile>
    <ClCompile Include="Effect.cpp">
      <Filter>ソース ファイル\Actor</Filter>
    </ClCompile>
    <ClCompile Include="NinjaArtsBase.cpp">
      <Filter>ソース ファイル\NinjaArts</Filter>
    </ClCompile>
    <ClCompile Include="AudioManager.cpp">
      <Filter>ソース ファイル\Audio</Filter>
    </ClCompile>
    <ClCompile Include="Sound.cpp">
      <Filter>ソース ファイル\Audio</Filter>
    </ClCompile>
    <ClCompile Include="Music.cpp">
      <Filter>ソース ファイル\Audio</Filter>
    </ClCompile>
    <ClCompile Include="AutoMoveComponent.cpp">
      <Filter>ソース ファイル\Component</Filter>
    </ClCompile>
    <ClCompile Include="EnemyManager.cpp">
      <Filter>ソース ファイル</Filter>
    </ClCompile>
    <ClCompile Include="BlockHitChecker.cpp">
      <Filter>ソース ファイル\Component</Filter>
    </ClCompile>
    <ClCompile Include="EnemyType0.cpp">
      <Filter>ソース ファイル\Actor</Filter>
    </ClCompile>
    <ClCompile Include="AnimationEffect.cpp">
      <Filter>ソース ファイル\Actor</Filter>
    </ClCompile>
    <ClCompile Include="Sprite.cpp">
      <Filter>ソース ファイル</Filter>
    </ClCompile>
    <ClCompile Include="SpriteComponent.cpp">
      <Filter>ソース ファイル</Filter>
    </ClCompile>
    <ClCompile Include="SpriteActor.cpp">
      <Filter>ソース ファイル\Actor</Filter>
    </ClCompile>
  </ItemGroup>
  <ItemGroup>
    <ClInclude Include="Common.h">
      <Filter>ヘッダー ファイル</Filter>
    </ClInclude>
    <ClInclude Include="Input.h">
      <Filter>ヘッダー ファイル</Filter>
    </ClInclude>
    <ClInclude Include="System.h">
      <Filter>ヘッダー ファイル</Filter>
    </ClInclude>
    <ClInclude Include="Actor.h">
      <Filter>ヘッダー ファイル\Actor</Filter>
    </ClInclude>
    <ClInclude Include="Player.h">
      <Filter>ヘッダー ファイル\Actor</Filter>
    </ClInclude>
    <ClInclude Include="ComponentBase.h">
      <Filter>ヘッダー ファイル\Component</Filter>
    </ClInclude>
    <ClInclude Include="SceneBase.h">
      <Filter>ヘッダー ファイル\Scene</Filter>
    </ClInclude>
    <ClInclude Include="TestScene.h">
      <Filter>ヘッダー ファイル\Scene</Filter>
    </ClInclude>
    <ClInclude Include="InputMoveComponent.h">
      <Filter>ヘッダー ファイル\Component</Filter>
    </ClInclude>
    <ClInclude Include="Animation.h">
      <Filter>ヘッダー ファイル\Animation</Filter>
    </ClInclude>
    <ClInclude Include="BoneTransform.h">
      <Filter>ヘッダー ファイル\Animation</Filter>
    </ClInclude>
    <ClInclude Include="MatrixPalette.h">
      <Filter>ヘッダー ファイル\Animation</Filter>
    </ClInclude>
    <ClInclude Include="Skeleton.h">
      <Filter>ヘッダー ファイル\Animation</Filter>
    </ClInclude>
    <ClInclude Include="MathExpantion.h">
      <Filter>ヘッダー ファイル\Math</Filter>
    </ClInclude>
    <ClInclude Include="Matrix.h">
      <Filter>ヘッダー ファイル\Math</Filter>
    </ClInclude>
    <ClInclude Include="Quaternion.h">
      <Filter>ヘッダー ファイル\Math</Filter>
    </ClInclude>
    <ClInclude Include="Vector.h">
      <Filter>ヘッダー ファイル\Math</Filter>
    </ClInclude>
    <ClInclude Include="VertexArray.h">
      <Filter>ヘッダー ファイル\Renderer</Filter>
    </ClInclude>
    <ClInclude Include="Texture.h">
      <Filter>ヘッダー ファイル\Renderer</Filter>
    </ClInclude>
    <ClInclude Include="Shader.h">
      <Filter>ヘッダー ファイル\Renderer</Filter>
    </ClInclude>
    <ClInclude Include="Mesh.h">
      <Filter>ヘッダー ファイル\Renderer</Filter>
    </ClInclude>
    <ClInclude Include="Renderer.h">
      <Filter>ヘッダー ファイル\Renderer</Filter>
    </ClInclude>
    <ClInclude Include="MeshComponent.h">
      <Filter>ヘッダー ファイル\Component</Filter>
    </ClInclude>
    <ClInclude Include="SkeletalMeshComponent.h">
      <Filter>ヘッダー ファイル\Component</Filter>
    </ClInclude>
    <ClInclude Include="Camera.h">
      <Filter>ヘッダー ファイル</Filter>
    </ClInclude>
    <ClInclude Include="BoxColliderComponent.h">
      <Filter>ヘッダー ファイル\Component</Filter>
    </ClInclude>
    <ClInclude Include="Collision.h">
      <Filter>ヘッダー ファイル</Filter>
    </ClInclude>
    <ClInclude Include="PhysicManager.h">
      <Filter>ヘッダー ファイル</Filter>
    </ClInclude>
    <ClInclude Include="ColliderComponentBase.h">
      <Filter>ヘッダー ファイル\Component</Filter>
    </ClInclude>
    <ClInclude Include="BitFlagFunc.h">
      <Filter>ヘッダー ファイル</Filter>
    </ClInclude>
    <ClInclude Include="SpriteTest.h">
      <Filter>ヘッダー ファイル\Actor</Filter>
    </ClInclude>
    <ClInclude Include="Block.h">
      <Filter>ヘッダー ファイル\Actor</Filter>
    </ClInclude>
    <ClInclude Include="AnimationChips.h">
      <Filter>ヘッダー ファイル</Filter>
    </ClInclude>
    <ClInclude Include="AnimSpriteTest.h">
      <Filter>ヘッダー ファイル\Actor</Filter>
    </ClInclude>
    <ClInclude Include="StageBase.h">
      <Filter>ヘッダー ファイル\Stage</Filter>
    </ClInclude>
    <ClInclude Include="TestStage.h">
      <Filter>ヘッダー ファイル\Stage</Filter>
    </ClInclude>
    <ClInclude Include="TestScene01.h">
      <Filter>ヘッダー ファイル\Scene</Filter>
    </ClInclude>
    <ClInclude Include="JumpComponent.h">
      <Filter>ヘッダー ファイル\Component</Filter>
    </ClInclude>
    <ClInclude Include="GamePadAxis.h">
      <Filter>ヘッダー ファイル</Filter>
    </ClInclude>
    <ClInclude Include="BGObject.h">
      <Filter>ヘッダー ファイル\Actor</Filter>
    </ClInclude>
    <ClInclude Include="Floor.h">
      <Filter>ヘッダー ファイル\Actor</Filter>
    </ClInclude>
    <ClInclude Include="CompletionMeshActor.h">
      <Filter>ヘッダー ファイル\Actor</Filter>
    </ClInclude>
    <ClInclude Include="ClampSpeedComponent.h">
      <Filter>ヘッダー ファイル\Component</Filter>
    </ClInclude>
    <ClInclude Include="EnemyTest.h">
      <Filter>ヘッダー ファイル\Actor</Filter>
    </ClInclude>
    <ClInclude Include="EnemyBase.h">
      <Filter>ヘッダー ファイル\Actor</Filter>
    </ClInclude>
    <ClInclude Include="TitleScene.h">
      <Filter>ヘッダー ファイル\Scene</Filter>
    </ClInclude>
    <ClInclude Include="TitleBoard.h">
      <Filter>ヘッダー ファイル\Actor</Filter>
    </ClInclude>
    <ClInclude Include="GameOverScene.h">
      <Filter>ヘッダー ファイル\Scene</Filter>
    </ClInclude>
    <ClInclude Include="GameOverBoard.h">
      <Filter>ヘッダー ファイル\Actor</Filter>
    </ClInclude>
    <ClInclude Include="GameClearBoard.h">
      <Filter>ヘッダー ファイル\Actor</Filter>
    </ClInclude>
    <ClInclude Include="GameClearScene.h">
      <Filter>ヘッダー ファイル\Scene</Filter>
    </ClInclude>
    <ClInclude Include="Effect.h">
      <Filter>ヘッダー ファイル\Actor</Filter>
    </ClInclude>
    <ClInclude Include="NinjaArtsBase.h">
      <Filter>ヘッダー ファイル\NinjaArts</Filter>
    </ClInclude>
    <ClInclude Include="AudioManager.h">
      <Filter>ヘッダー ファイル\Audio</Filter>
    </ClInclude>
    <ClInclude Include="Music.h">
      <Filter>ヘッダー ファイル\Audio</Filter>
    </ClInclude>
    <ClInclude Include="Sound.h">
      <Filter>ヘッダー ファイル\Audio</Filter>
    </ClInclude>
    <ClInclude Include="AutoMoveComponent.h">
      <Filter>ヘッダー ファイル\Component</Filter>
    </ClInclude>
    <ClInclude Include="EnemyManager.h">
      <Filter>ヘッダー ファイル</Filter>
    </ClInclude>
    <ClInclude Include="BlockHitChecker.h">
      <Filter>ヘッダー ファイル\Component</Filter>
    </ClInclude>
    <ClInclude Include="EnemyType0.h">
      <Filter>ヘッダー ファイル\Actor</Filter>
    </ClInclude>
    <ClInclude Include="AnimationEffect.h">
      <Filter>ヘッダー ファイル\Actor</Filter>
    </ClInclude>
    <ClInclude Include="Sprite.h">
      <Filter>ヘッダー ファイル</Filter>
    </ClInclude>
    <ClInclude Include="SpriteComponent.h">
      <Filter>ヘッダー ファイル</Filter>
    </ClInclude>
    <ClInclude Include="SpriteActor.h">
      <Filter>ヘッダー ファイル\Actor</Filter>
    </ClInclude>
  </ItemGroup>
  <ItemGroup>
    <None Include="Shaders\BasicMesh.frag">
      <Filter>リソース ファイル</Filter>
    </None>
    <None Include="Shaders\BasicMesh.vert">
      <Filter>リソース ファイル</Filter>
    </None>
    <None Include="Shaders\Line.frag">
      <Filter>リソース ファイル</Filter>
    </None>
    <None Include="Shaders\Line.vert">
      <Filter>リソース ファイル</Filter>
    </None>
    <None Include="Shaders\Phong.frag">
      <Filter>リソース ファイル</Filter>
    </None>
    <None Include="Shaders\Phong.vert">
      <Filter>リソース ファイル</Filter>
    </None>
    <None Include="Shaders\Skinned.vert">
      <Filter>リソース ファイル</Filter>
    </None>
    <None Include="Shaders\Sprite.frag">
      <Filter>リソース ファイル</Filter>
    </None>
    <None Include="Shaders\Sprite.vert">
      <Filter>リソース ファイル</Filter>
    </None>
  </ItemGroup>
</Project>